
Microsoft Visual Studio Solution File, Format Version 12.00
# Visual Studio 15
VisualStudioVersion = 15.0.28307.421
MinimumVisualStudioVersion = 10.0.40219.1
Project("{FAE04EC0-301F-11D3-BF4B-00C04F79EFBC}") = "ObjectAlgebras.UI", "ObjectAlgebras.UI\ObjectAlgebras.UI.csproj", "{5EF926C2-3648-4196-8436-A6BD8B3CBAA8}"
EndProject
Project("{FAE04EC0-301F-11D3-BF4B-00C04F79EFBC}") = "ObjectAlgebras.Tests", "ObjectAlgebras.Tests\ObjectAlgebras.Tests.csproj", "{51B0AAC4-8885-4A90-BE27-8A671BAB274C}"
EndProject
Global
	GlobalSection(SolutionConfigurationPlatforms) = preSolution
		Debug|Any CPU = Debug|Any CPU
		Release|Any CPU = Release|Any CPU
	EndGlobalSection
	GlobalSection(ProjectConfigurationPlatforms) = postSolution
		{5EF926C2-3648-4196-8436-A6BD8B3CBAA8}.Debug|Any CPU.ActiveCfg = Debug|Any CPU
		{5EF926C2-3648-4196-8436-A6BD8B3CBAA8}.Debug|Any CPU.Build.0 = Debug|Any CPU
		{5EF926C2-3648-4196-8436-A6BD8B3CBAA8}.Release|Any CPU.ActiveCfg = Release|Any CPU
		{5EF926C2-3648-4196-8436-A6BD8B3CBAA8}.Release|Any CPU.Build.0 = Release|Any CPU
		{51B0AAC4-8885-4A90-BE27-8A671BAB274C}.Debug|Any CPU.ActiveCfg = Debug|Any CPU
		{51B0AAC4-8885-4A90-BE27-8A671BAB274C}.Debug|Any CPU.Build.0 = Debug|Any CPU
		{51B0AAC4-8885-4A90-BE27-8A671BAB274C}.Release|Any CPU.ActiveCfg = Release|Any CPU
		{51B0AAC4-8885-4A90-BE27-8A671BAB274C}.Release|Any CPU.Build.0 = Release|Any CPU
	EndGlobalSection
	GlobalSection(SolutionProperties) = preSolution
		HideSolutionNode = FALSE
	EndGlobalSection
	GlobalSection(ExtensibilityGlobals) = postSolution
		SolutionGuid = {739D27B8-F8BB-49A5-B65C-5C3913ADC9CC}
	EndGlobalSection
EndGlobal
